
Microsoft Visual Studio Solution File, Format Version 12.00
# Visual Studio Version 17
VisualStudioVersion = 17.8.34309.116
MinimumVisualStudioVersion = 10.0.40219.1
Project("{9A19103F-16F7-4668-BE54-9A1E7A4F7556}") = "MasterProperties.Module", "MasterProperties.Module\MasterProperties.Module.csproj", "{5006706C-40C7-4999-9949-87E83C11D836}"
EndProject
Project("{9A19103F-16F7-4668-BE54-9A1E7A4F7556}") = "MasterProperties.Win", "MasterProperties.Win\MasterProperties.Win.csproj", "{8A4CDE3E-4953-4246-BF6C-CDC3E2A709B5}"
EndProject
Project("{9A19103F-16F7-4668-BE54-9A1E7A4F7556}") = "MasterProperties.Blazor.Server", "MasterProperties.Blazor.Server\MasterProperties.Blazor.Server.csproj", "{DC231B52-309A-4DFE-BC8E-D8B825D2574E}"
EndProject
Global
	GlobalSection(SolutionConfigurationPlatforms) = preSolution
		Debug|Any CPU = Debug|Any CPU
		EasyTest|Any CPU = EasyTest|Any CPU
		Release|Any CPU = Release|Any CPU
	EndGlobalSection
	GlobalSection(ProjectConfigurationPlatforms) = postSolution
		{5006706C-40C7-4999-9949-87E83C11D836}.Debug|Any CPU.ActiveCfg = Debug|Any CPU
		{5006706C-40C7-4999-9949-87E83C11D836}.Debug|Any CPU.Build.0 = Debug|Any CPU
		{5006706C-40C7-4999-9949-87E83C11D836}.EasyTest|Any CPU.ActiveCfg = EasyTest|Any CPU
		{5006706C-40C7-4999-9949-87E83C11D836}.EasyTest|Any CPU.Build.0 = EasyTest|Any CPU
		{5006706C-40C7-4999-9949-87E83C11D836}.Release|Any CPU.ActiveCfg = Release|Any CPU
		{5006706C-40C7-4999-9949-87E83C11D836}.Release|Any CPU.Build.0 = Release|Any CPU
		{8A4CDE3E-4953-4246-BF6C-CDC3E2A709B5}.Debug|Any CPU.ActiveCfg = Debug|Any CPU
		{8A4CDE3E-4953-4246-BF6C-CDC3E2A709B5}.Debug|Any CPU.Build.0 = Debug|Any CPU
		{8A4CDE3E-4953-4246-BF6C-CDC3E2A709B5}.EasyTest|Any CPU.ActiveCfg = EasyTest|Any CPU
		{8A4CDE3E-4953-4246-BF6C-CDC3E2A709B5}.EasyTest|Any CPU.Build.0 = EasyTest|Any CPU
		{8A4CDE3E-4953-4246-BF6C-CDC3E2A709B5}.Release|Any CPU.ActiveCfg = Release|Any CPU
		{8A4CDE3E-4953-4246-BF6C-CDC3E2A709B5}.Release|Any CPU.Build.0 = Release|Any CPU
		{DC231B52-309A-4DFE-BC8E-D8B825D2574E}.Debug|Any CPU.ActiveCfg = Debug|Any CPU
		{DC231B52-309A-4DFE-BC8E-D8B825D2574E}.Debug|Any CPU.Build.0 = Debug|Any CPU
		{DC231B52-309A-4DFE-BC8E-D8B825D2574E}.EasyTest|Any CPU.ActiveCfg = EasyTest|Any CPU
		{DC231B52-309A-4DFE-BC8E-D8B825D2574E}.EasyTest|Any CPU.Build.0 = EasyTest|Any CPU
		{DC231B52-309A-4DFE-BC8E-D8B825D2574E}.Release|Any CPU.ActiveCfg = Release|Any CPU
		{DC231B52-309A-4DFE-BC8E-D8B825D2574E}.Release|Any CPU.Build.0 = Release|Any CPU
	EndGlobalSection
	GlobalSection(SolutionProperties) = preSolution
		HideSolutionNode = FALSE
	EndGlobalSection
EndGlobal
