
Microsoft Visual Studio Solution File, Format Version 12.00
# Visual Studio Version 17
VisualStudioVersion = 17.8.34309.116
MinimumVisualStudioVersion = 10.0.40219.1
Project("{9A19103F-16F7-4668-BE54-9A1E7A4F7556}") = "MasterPropertiesEF.Module", "MasterPropertiesEF.Module\MasterPropertiesEF.Module.csproj", "{F9E478B5-3382-410C-83D1-3B182AC00D68}"
EndProject
Project("{9A19103F-16F7-4668-BE54-9A1E7A4F7556}") = "MasterPropertiesEF.Win", "MasterPropertiesEF.Win\MasterPropertiesEF.Win.csproj", "{FC42174E-4355-47E0-8EE1-630A28A056C7}"
EndProject
Project("{9A19103F-16F7-4668-BE54-9A1E7A4F7556}") = "MasterPropertiesEF.Blazor.Server", "MasterPropertiesEF.Blazor.Server\MasterPropertiesEF.Blazor.Server.csproj", "{1AD18BD2-9F0C-4478-85DC-84E21A07F78E}"
EndProject
Global
	GlobalSection(SolutionConfigurationPlatforms) = preSolution
		Debug|Any CPU = Debug|Any CPU
		EasyTest|Any CPU = EasyTest|Any CPU
		Release|Any CPU = Release|Any CPU
	EndGlobalSection
	GlobalSection(ProjectConfigurationPlatforms) = postSolution
		{F9E478B5-3382-410C-83D1-3B182AC00D68}.Debug|Any CPU.ActiveCfg = Debug|Any CPU
		{F9E478B5-3382-410C-83D1-3B182AC00D68}.Debug|Any CPU.Build.0 = Debug|Any CPU
		{F9E478B5-3382-410C-83D1-3B182AC00D68}.EasyTest|Any CPU.ActiveCfg = EasyTest|Any CPU
		{F9E478B5-3382-410C-83D1-3B182AC00D68}.EasyTest|Any CPU.Build.0 = EasyTest|Any CPU
		{F9E478B5-3382-410C-83D1-3B182AC00D68}.Release|Any CPU.ActiveCfg = Release|Any CPU
		{F9E478B5-3382-410C-83D1-3B182AC00D68}.Release|Any CPU.Build.0 = Release|Any CPU
		{FC42174E-4355-47E0-8EE1-630A28A056C7}.Debug|Any CPU.ActiveCfg = Debug|Any CPU
		{FC42174E-4355-47E0-8EE1-630A28A056C7}.Debug|Any CPU.Build.0 = Debug|Any CPU
		{FC42174E-4355-47E0-8EE1-630A28A056C7}.EasyTest|Any CPU.ActiveCfg = EasyTest|Any CPU
		{FC42174E-4355-47E0-8EE1-630A28A056C7}.EasyTest|Any CPU.Build.0 = EasyTest|Any CPU
		{FC42174E-4355-47E0-8EE1-630A28A056C7}.Release|Any CPU.ActiveCfg = Release|Any CPU
		{FC42174E-4355-47E0-8EE1-630A28A056C7}.Release|Any CPU.Build.0 = Release|Any CPU
		{1AD18BD2-9F0C-4478-85DC-84E21A07F78E}.Debug|Any CPU.ActiveCfg = Debug|Any CPU
		{1AD18BD2-9F0C-4478-85DC-84E21A07F78E}.Debug|Any CPU.Build.0 = Debug|Any CPU
		{1AD18BD2-9F0C-4478-85DC-84E21A07F78E}.EasyTest|Any CPU.ActiveCfg = EasyTest|Any CPU
		{1AD18BD2-9F0C-4478-85DC-84E21A07F78E}.EasyTest|Any CPU.Build.0 = EasyTest|Any CPU
		{1AD18BD2-9F0C-4478-85DC-84E21A07F78E}.Release|Any CPU.ActiveCfg = Release|Any CPU
		{1AD18BD2-9F0C-4478-85DC-84E21A07F78E}.Release|Any CPU.Build.0 = Release|Any CPU
	EndGlobalSection
	GlobalSection(SolutionProperties) = preSolution
		HideSolutionNode = FALSE
	EndGlobalSection
EndGlobal
